# This file is automatically @generated by Cargo.
# It is not intended for manual editing.
version = 4

[[package]]
name = "sabiface-glyph"
version = "0.0.1"
dependencies = [
 "sabiface-metrics",
 "ttf-parser",
]

[[package]]
name = "sabiface-map"
version = "0.0.1"

[[package]]
name = "sabiface-metrics"
version = "0.0.1"

[[package]]
name = "ttf-parser"
version = "0.25.1"
source = "registry+https://github.com/rust-lang/crates.io-index"
checksum = "d2df906b07856748fa3f6e0ad0cbaa047052d4a7dd609e231c4f72cee8c36f31"
