# 参照資源のロック（qa-v0 段階 1）。基準は TeX Live 2025 の配布物。scripts/qa-resources.sh record で書き直し、check で照合する。
# pdftex.map / kanjix.map は updmap が生成するため digest を固定しない（存在は CI の診断で確認する）。
# 名前	必須	sha256
cmr10.tfm	required	87f2d8981927644cbecaf3d639e96e348ea4e7be49d8804468bd8ba9ff3f5244
cmex10.tfm	required	0890bccea1dd4d27f001ac30e86c63af35bc803e0557c35aafb1903c8d208e92
jis.tfm	required	304f33848660d72cc5d33e3a8e5166ae4a8cc550dd3175594983be5b101ad37c
upjisr-h.tfm	required	7d686f3edaa70f30195b2ced00c0babfc54910dcadfe93a80061d99b61dfaedf
upjisr-v.tfm	required	8cf599e3cebe322db5d4f01a272d0462433c21d3477a31f8abd96ac01ac615dc
ptmr7t.vf	required	0df4bc46c777ddc91e944bdfd27e345fe906a914fd1288189ec26419fc65db50
ptmr8t.vf	required	6c4ef8d50ce7d7cab9f9a7f72497085840c349a022a493b76e27f54e0934430d
ptmr8c.vf	required	37015374127d106d51debe8fbb69f2c5826aac1a4db05f646f3182a1fcc3f766
8r.enc	required	66dad15c944f0d457a095fd6e9dba30059a4882b1ffb1f4bf62850ce52c8f136
ec.enc	required	bd865bb53fe3c2f479efa8e3d92e1027db5e64a1d7c0ced7884d6c9ee65c0b48
cmr10.pfb	required	fdcede8794018df5f2b58f0905fb20a2b418ed8f67b73ee12445855dfbe5b1be
cmmi10.pfb	required	e3661061e8aa474d6de5ffa916edceb0e3d8b998862018c147f0357fce00bcd7
cmsy10.pfb	required	62ee8cef552017551cd3e026a483e700730103eceaad959c87b7730017f59cff
cmex10.pfb	required	791b31aa1db8608d0144b3a40fc0fe53383a60f6b00d0e8fd9f06ac4a11df8cb
lmr10.pfb	required	84eb01245abb17c0530ca3909427256d73df8bed2d7243b9f2717ca08c010ac8
sfrm1000.pfb	optional	650a5428cc0729742dcf1935dba1f504e27bbb5ec5936aeaf5f4955909a0f540
cmr10.afm	required	8df68c822c3217c67dee325d5f7d80c6b9e492293bca366db679a5b0b5e1825b
cmmi10.afm	required	4b4ed58bfaa8941a447e8bec9e58e54bbd140de04ec71b36397e5625bcbb0b9d
cmsy10.afm	required	9123616269e29f523bdad43655cb8c05aefc88632d56f2fd3ff59369da4ee6b4
cmex10.afm	required	daa0daa9f898a2ad99e6fa1cfd9122e02c1439ccbc1c675f9ec996a3f5b16bf4
